{
  "name": "mtg-scanner-ocr",
  "lockfileVersion": 3,
  "requires": true,
  "packages": {
    "": {
      "name": "mtg-scanner-ocr",
      "dependencies": {
        "@arcships/light-ocr": "^0.5.8"
      }
    },
    "node_modules/@arcships/light-ocr": {
      "version": "0.5.8",
      "resolved": "https://registry.npmjs.org/@arcships/light-ocr/-/light-ocr-0.5.8.tgz",
      "integrity": "sha512-wuKwIXyQnvIT2VGqU/Hp68NWixR5CgadEqQd4gV4EETw19E7ch1z7lTXweAQmoNf0wIBrq4nPJInEhI+4geLLQ==",
      "license": "Apache-2.0",
      "dependencies": {
        "@arcships/light-ocr-model-ppocrv6-small": "0.3.4",
        "@arcships/light-ocr-runtime": "0.1.8"
      },
      "bin": {
        "light-ocr": "src/cli.cjs"
      },
      "engines": {
        "node": ">=22.0.0"
      }
    },
    "node_modules/@arcships/light-ocr-darwin-arm64": {
      "version": "0.5.8",
      "resolved": "https://registry.npmjs.org/@arcships/light-ocr-darwin-arm64/-/light-ocr-darwin-arm64-0.5.8.tgz",
      "integrity": "sha512-noHTj3dj0k8YyTrhXu7iWWd2Z5+oXRoIqR68VKxJF1reo5mKa4SxMiI5B7yga2rG9oM4h2dpFCaZU2QB2lCmnA==",
      "cpu": [
        "arm64"
      ],
      "license": "Apache-2.0",
      "optional": true,
      "os": [
        "darwin"
      ],
      "engines": {
        "node": ">=22.0.0"
      }
    },
    "node_modules/@arcships/light-ocr-darwin-x64": {
      "version": "0.5.8",
      "resolved": "https://registry.npmjs.org/@arcships/light-ocr-darwin-x64/-/light-ocr-darwin-x64-0.5.8.tgz",
      "integrity": "sha512-DLWoFQE5XccRBxMwNUXP9wYSB+RreMnAdT+rRz/JrmJ8slLd4gWHOR9728MImW9F4wYzCfI2r2qCHtFWnOqAUw==",
      "cpu": [
        "x64"
      ],
      "license": "Apache-2.0",
      "optional": true,
      "os": [
        "darwin"
      ],
      "engines": {
        "node": ">=22.0.0"
      }
    },
    "node_modules/@arcships/light-ocr-linux-arm64-gnu": {
      "version": "0.5.8",
      "resolved": "https://registry.npmjs.org/@arcships/light-ocr-linux-arm64-gnu/-/light-ocr-linux-arm64-gnu-0.5.8.tgz",
      "integrity": "sha512-PopBe+jZY+n5M+zGR/JKbQPcHA81tDS/dTYHTHYpwds8IZOOnum9Ku4OOSusw4j9oy4fqy57vkQq2dOaNqqicw==",
      "cpu": [
        "arm64"
      ],
      "libc": [
        "glibc"
      ],
      "license": "Apache-2.0",
      "optional": true,
      "os": [
        "linux"
      ],
      "engines": {
        "node": ">=22.0.0"
      }
    },
    "node_modules/@arcships/light-ocr-linux-arm64-musl": {
      "version": "0.5.8",
      "resolved": "https://registry.npmjs.org/@arcships/light-ocr-linux-arm64-musl/-/light-ocr-linux-arm64-musl-0.5.8.tgz",
      "integrity": "sha512-Xh9faUB1ovmO9rlSfSi09HW6CV3EuhMlazdytv+2NMRfLZhwfouqTrSEH9TsttU7MysE6aaznfmYvX1nw7G7JQ==",
      "cpu": [
        "arm64"
      ],
      "libc": [
        "musl"
      ],
      "license": "Apache-2.0",
      "optional": true,
      "os": [
        "linux"
      ],
      "engines": {
        "node": ">=22.0.0"
      }
    },
    "node_modules/@arcships/light-ocr-linux-x64-gnu": {
      "version": "0.5.8",
      "resolved": "https://registry.npmjs.org/@arcships/light-ocr-linux-x64-gnu/-/light-ocr-linux-x64-gnu-0.5.8.tgz",
      "integrity": "sha512-ozBvYxaeVLoazxv1Amx5KBhza5+sVCD4Vk8gBKV72b7VPPDeFjzb4+OTA32cEaVeNdOSzU59SCdU6MsePE2rsQ==",
      "cpu": [
        "x64"
      ],
      "libc": [
        "glibc"
      ],
      "license": "Apache-2.0",
      "optional": true,
      "os": [
        "linux"
      ],
      "engines": {
        "node": ">=22.0.0"
      }
    },
    "node_modules/@arcships/light-ocr-linux-x64-musl": {
      "version": "0.5.8",
      "resolved": "https://registry.npmjs.org/@arcships/light-ocr-linux-x64-musl/-/light-ocr-linux-x64-musl-0.5.8.tgz",
      "integrity": "sha512-EAyx7211bSHIyMGaJT5Gvu34jyINk4IeR4W8nKkGfduibB/ymuhD4lFuexSbE3BVf5XGrTJQJZxxOFC5wJFbwA==",
      "cpu": [
        "x64"
      ],
      "libc": [
        "musl"
      ],
      "license": "Apache-2.0",
      "optional": true,
      "os": [
        "linux"
      ],
      "engines": {
        "node": ">=22.0.0"
      }
    },
    "node_modules/@arcships/light-ocr-model-ppocrv6-small": {
      "version": "0.3.4",
      "resolved": "https://registry.npmjs.org/@arcships/light-ocr-model-ppocrv6-small/-/light-ocr-model-ppocrv6-small-0.3.4.tgz",
      "integrity": "sha512-F2Rjx3xoiKw1eUc/DW5k5/t1AlvWfReUDTdpRdQKNCDz5Y8YYif+15CHdPz7Wdt/Nza7drDOM3NTGUIuA20ERw==",
      "license": "Apache-2.0"
    },
    "node_modules/@arcships/light-ocr-runtime": {
      "version": "0.1.8",
      "resolved": "https://registry.npmjs.org/@arcships/light-ocr-runtime/-/light-ocr-runtime-0.1.8.tgz",
      "integrity": "sha512-R6C5had+Ros0DfTkv1kabzG0i3i+cZG/+QkBohudhSP64/Qpmtn4JHMhmFFDlTNii+ZySIhPPWUscd7eVljglw==",
      "license": "Apache-2.0",
      "engines": {
        "node": ">=22.0.0"
      },
      "optionalDependencies": {
        "@arcships/light-ocr-darwin-arm64": "0.5.8",
        "@arcships/light-ocr-darwin-x64": "0.5.8",
        "@arcships/light-ocr-linux-arm64-gnu": "0.5.8",
        "@arcships/light-ocr-linux-arm64-musl": "0.5.8",
        "@arcships/light-ocr-linux-x64-gnu": "0.5.8",
        "@arcships/light-ocr-linux-x64-musl": "0.5.8",
        "@arcships/light-ocr-win32-arm64": "0.5.8",
        "@arcships/light-ocr-win32-x64": "0.5.8"
      }
    },
    "node_modules/@arcships/light-ocr-win32-arm64": {
      "version": "0.5.8",
      "resolved": "https://registry.npmjs.org/@arcships/light-ocr-win32-arm64/-/light-ocr-win32-arm64-0.5.8.tgz",
      "integrity": "sha512-FnyBLI8juVUtoRbyvtaUsLhBr5QdUx8hhi3bOOd/oI/QvV7flgWYikz/cmlKk7O3FISoRg/Tw48/4GEhdFO/5w==",
      "cpu": [
        "arm64"
      ],
      "license": "Apache-2.0",
      "optional": true,
      "os": [
        "win32"
      ],
      "engines": {
        "node": ">=22.0.0"
      }
    },
    "node_modules/@arcships/light-ocr-win32-x64": {
      "version": "0.5.8",
      "resolved": "https://registry.npmjs.org/@arcships/light-ocr-win32-x64/-/light-ocr-win32-x64-0.5.8.tgz",
      "integrity": "sha512-xc0v2U+Ebh4ocwoxeuewCUSxsWTY87SWvuEKfkpsz7Ch6KGFe2Ynbgvuqrz21jhSHN6JDcLuQXe7ur1sE6HehA==",
      "cpu": [
        "x64"
      ],
      "license": "Apache-2.0",
      "optional": true,
      "os": [
        "win32"
      ],
      "engines": {
        "node": ">=22.0.0"
      }
    }
  }
}
